version = 1
revision = 3
requires-python = ">=3.10"

[[package]]
name = "dapper-debugpy-tests"
version = "0.0.0"
source = { virtual = "." }
dependencies = [
    { name = "debugpy" },
]

[package.metadata]
requires-dist = [{ name = "debugpy", specifier = "==1.8.21" }]

[[package]]
name = "debugpy"
version = "1.8.21"
source = { registry = "https://pypi.org/simple" }
sdist = { url = "https://files.pythonhosted.org/packages/f2/aa/12037145b7a56eaa5b29b41872f7a21b538e807e13f32c4d3c46e59be084/debugpy-1.8.21.tar.gz", hash = "sha256:a3c53278e84c94e11bd87c53970ec391d1a67396c8b22609fcac576520e611a6", size = 1697577, upload-time = "2026-06-01T19:30:35.156Z" }
wheels = [
    { url = "https://files.pythonhosted.org/packages/fc/f3/6b1d4c71f4cbb5360009f928934a03b42906f28fc7b3f7f35f04e58acead/debugpy-1.8.21-cp310-cp310-macosx_15_0_x86_64.whl", hash = "sha256:8eeab7b5462f683452c57c0126aaa5ec4e974ddb705f39ba87dff8818c8e08f9", size = 2113873, upload-time = "2026-06-01T19:30:37.148Z" },
    { url = "https://files.pythonhosted.org/packages/1c/f2/17c3bf91cebc173bfbf5734cd2669723d0a35c0cf9d2fd2124546efeae83/debugpy-1.8.21-cp310-cp310-manylinux_2_34_x86_64.whl", hash = "sha256:0fddfdc130ac6d8bfc0415b0409822fa901c8f310e5c945ac5653a0352532344", size = 3004715, upload-time = "2026-06-01T19:30:38.888Z" },
    { url = "https://files.pythonhosted.org/packages/5a/22/1f8efd80c7b5909e760f9cfd0c9e8681d2d35d532f7c0a40760cd4da4a19/debugpy-1.8.21-cp310-cp310-win32.whl", hash = "sha256:72b5d676c4cbfac3bac5bb01c138a4656e843f93f03ce2a5f4e394ad49fbee73", size = 5303455, upload-time = "2026-06-01T19:30:40.52Z" },
    { url = "https://files.pythonhosted.org/packages/da/ce/54c79abd6cccef92fa7b43d97e3acafedf4d645557267ece05e948b5e4b8/debugpy-1.8.21-cp310-cp310-win_amd64.whl", hash = "sha256:a7fe47fd23da57b9e0bec3f4a8ee65a2dc55782455ed7f2141d75ab5d2eaeef5", size = 5331751, upload-time = "2026-06-01T19:30:42.146Z" },
    { url = "https://files.pythonhosted.org/packages/89/fb/cbf306d6e07a313a91e7171a98669054502840931432c227cfd505ee367f/debugpy-1.8.21-cp311-cp311-macosx_15_0_universal2.whl", hash = "sha256:da456226c7b4c69e35dbe35dcee6623d912000a77816db7856a41af1c72a0264", size = 2203120, upload-time = "2026-06-01T19:30:43.964Z" },
    { url = "https://files.pythonhosted.org/packages/aa/57/aa739bd4ad2cbf96aeb1b20b56918ddd5ae4c28b68709bfcd327f02123ee/debugpy-1.8.21-cp311-cp311-manylinux_2_34_x86_64.whl", hash = "sha256:f68b891688e61bdc08b8d364d919ff0051e0b94657b39dcd027bc3173edb7cdc", size = 3059958, upload-time = "2026-06-01T19:30:45.622Z" },
    { url = "https://files.pythonhosted.org/packages/a8/31/453d2c9a23d133fe2c8ec7ca1d816ded52a913487fe3ffef7c01b4b706af/debugpy-1.8.21-cp311-cp311-win32.whl", hash = "sha256:f843a8b08c2edeaf9b1582eed4f25441af21a297c22ff16bf76a662557aa9c9e", size = 5236515, upload-time = "2026-06-01T19:30:47.461Z" },
    { url = "https://files.pythonhosted.org/packages/60/94/6660de2f2d7bf388f229335ba4637646eebabdbf38564cb439a95a9193c9/debugpy-1.8.21-cp311-cp311-win_amd64.whl", hash = "sha256:84c564d8cc701d41843b29a92814c1f1bef6798724ca9d675c284ad9f6a547d7", size = 5256138, upload-time = "2026-06-01T19:30:49.113Z" },
    { url = "https://files.pythonhosted.org/packages/a2/df/bf625547431a9cadc9f4cbfeda38866e2b17f6aed147b625377e87834449/debugpy-1.8.21-cp312-cp312-macosx_15_0_universal2.whl", hash = "sha256:9f96713896f39c3dff0ee841f47320c3f2983d33c341e009361bb0ebc79adc4e", size = 2483609, upload-time = "2026-06-01T19:30:50.794Z" },
    { url = "https://files.pythonhosted.org/packages/bf/09/59324b903599031ff9faaec1758292409f6561a0ec2492fe4b703327705a/debugpy-1.8.21-cp312-cp312-manylinux_2_34_x86_64.whl", hash = "sha256:c193d474f0a211191f2b4449d2d06157c689013035bd952f3b617e0ef422b176", size = 3968900, upload-time = "2026-06-01T19:30:52.341Z" },
    { url = "https://files.pythonhosted.org/packages/14/cd/27f65b805d7fe005c44e1a36b9183ecdfbcdbf9d3e721a5115d461ecc7ee/debugpy-1.8.21-cp312-cp312-win32.whl", hash = "sha256:4743373c1cac7f9e74a1b9915bf1dbe0e900eca657ffb170ae07ac8363205ae9", size = 5336340, upload-time = "2026-06-01T19:30:54.047Z" },
    { url = "https://files.pythonhosted.org/packages/77/1d/c84e30c0c674184948b66f076ab271c01d940618a2824c23cd035a27bc20/debugpy-1.8.21-cp312-cp312-win_amd64.whl", hash = "sha256:bd7ba9dd3daa7c2f942c6ca8d4695a16bf9ac16b63615261c7982bc74f7ed20c", size = 5374751, upload-time = "2026-06-01T19:30:55.891Z" },
    { url = "https://files.pythonhosted.org/packages/77/6b/d817e1f8cc77aa055d37fba092e0febfdff40fe652d8d53d4cd7a86ad98d/debugpy-1.8.21-cp313-cp313-macosx_15_0_universal2.whl", hash = "sha256:13678151fc401e2d68c9880b91e28714f797d40422994572b24560ef80910a88", size = 2477398, upload-time = "2026-06-01T19:30:57.644Z" },
    { url = "https://files.pythonhosted.org/packages/48/57/412421516afc3055fa577516f00beec3d663f9b0ab330639547ae6c57720/debugpy-1.8.21-cp313-cp313-manylinux_2_34_x86_64.whl", hash = "sha256:ecbd158386c31ffe71d46f72d44d56e66331ab9b16cad649156d514368f23ab2", size = 3962096, upload-time = "2026-06-01T19:30:59.235Z" },
    { url = "https://files.pythonhosted.org/packages/c1/62/2c616337cf6ba7b07ebbc97f02c6c945a8e2f76b365e33ee809c32ee36d1/debugpy-1.8.21-cp313-cp313-win32.whl", hash = "sha256:2c2ae706dec41d99a9ca1f7ebc987a83e65578363be6f6b3ac9067504917fae1", size = 5336288, upload-time = "2026-06-01T19:31:00.79Z" },
    { url = "https://files.pythonhosted.org/packages/f8/99/9175103392f84c4b1bf7622888cdc68da07f0ff7d9e581266428f6776033/debugpy-1.8.21-cp313-cp313-win_amd64.whl", hash = "sha256:aa648733047443eb1d07682c4ef287d36a54507b643ffdf38b09a3ef002c72a0", size = 5376567, upload-time = "2026-06-01T19:31:02.56Z" },
    { url = "https://files.pythonhosted.org/packages/ce/3d/f4bbb323a548bfab2af3d6b4ffd9bf22636e55956a1285d317a1de643aad/debugpy-1.8.21-cp314-cp314-macosx_15_0_universal2.whl", hash = "sha256:9bb2a685287a2ac9b181cde89edcec64845cb51de7faaa75badb9a698bc24782", size = 2477209, upload-time = "2026-06-01T19:31:04.157Z" },
    { url = "https://files.pythonhosted.org/packages/8c/2d/6e7ec524984a1702777868de49a4c53202bddac2a432a76a093469587750/debugpy-1.8.21-cp314-cp314-manylinux_2_34_x86_64.whl", hash = "sha256:3d6922439bf33fd38a3e2c447869ebc7b97da5cd3d329ff1ef9bc06c4903437e", size = 3927115, upload-time = "2026-06-01T19:31:05.863Z" },
    { url = "https://files.pythonhosted.org/packages/97/47/d1aa6d64005a98a9144647d99306b419396f9ad7bf1d73c119e17a81fb4d/debugpy-1.8.21-cp314-cp314-win32.whl", hash = "sha256:15d4963bd5ffa48f0da0947fd06757fa7621945048a14ad7705431566d3c0e7c", size = 5336724, upload-time = "2026-06-01T19:31:07.711Z" },
    { url = "https://files.pythonhosted.org/packages/5f/67/b905b90d163af11878c1af8abafa4a25206335e112e284e413454543a6da/debugpy-1.8.21-cp314-cp314-win_amd64.whl", hash = "sha256:fe0744a12353406de0ae8ccff0d0a4a666f00801a3db8fd04e7a5f761cd520e8", size = 5373803, upload-time = "2026-06-01T19:31:09.469Z" },
    { url = "https://files.pythonhosted.org/packages/95/51/67e7cf11a53e40694f720457d5b3a1cdaaa3d5a9a633e482f225456b93ff/debugpy-1.8.21-py2.py3-none-any.whl", hash = "sha256:b1e37d333663c8851516a47364ef473da127f9caebe4417e6df6f5825a7e9a92", size = 5352888, upload-time = "2026-06-01T19:31:25.186Z" },
]
